
Microsoft Visual Studio Solution File, Format Version 12.00
# Visual Studio 2017
Project("{FAE04EC0-301F-11D3-BF4B-00C04F79EFBC}") = "NewPhiladelphia2018", "NewPhiladelphia2018.csproj", "{4BF1FA17-439F-7D1B-8513-0ECF558157E1}"
EndProject
Project("{FAE04EC0-301F-11D3-BF4B-00C04F79EFBC}") = "NewPhiladelphia2018.Plugins", "NewPhiladelphia2018.Plugins.csproj", "{8C745FDF-4913-B76F-59DD-066F93C37735}"
EndProject
Project("{FAE04EC0-301F-11D3-BF4B-00C04F79EFBC}") = "NewPhiladelphia2018.Editor", "NewPhiladelphia2018.Editor.csproj", "{F68315A7-D674-9078-90A4-397607327166}"
EndProject
Global
	GlobalSection(SolutionConfigurationPlatforms) = preSolution
		Debug|Any CPU = Debug|Any CPU
		Release|Any CPU = Release|Any CPU
	EndGlobalSection
	GlobalSection(ProjectConfigurationPlatforms) = postSolution
		{4BF1FA17-439F-7D1B-8513-0ECF558157E1}.Debug|Any CPU.ActiveCfg = Debug|Any CPU
		{4BF1FA17-439F-7D1B-8513-0ECF558157E1}.Debug|Any CPU.Build.0 = Debug|Any CPU
		{4BF1FA17-439F-7D1B-8513-0ECF558157E1}.Release|Any CPU.ActiveCfg = Release|Any CPU
		{4BF1FA17-439F-7D1B-8513-0ECF558157E1}.Release|Any CPU.Build.0 = Release|Any CPU
		{8C745FDF-4913-B76F-59DD-066F93C37735}.Debug|Any CPU.ActiveCfg = Debug|Any CPU
		{8C745FDF-4913-B76F-59DD-066F93C37735}.Debug|Any CPU.Build.0 = Debug|Any CPU
		{8C745FDF-4913-B76F-59DD-066F93C37735}.Release|Any CPU.ActiveCfg = Release|Any CPU
		{8C745FDF-4913-B76F-59DD-066F93C37735}.Release|Any CPU.Build.0 = Release|Any CPU
		{F68315A7-D674-9078-90A4-397607327166}.Debug|Any CPU.ActiveCfg = Debug|Any CPU
		{F68315A7-D674-9078-90A4-397607327166}.Debug|Any CPU.Build.0 = Debug|Any CPU
		{F68315A7-D674-9078-90A4-397607327166}.Release|Any CPU.ActiveCfg = Release|Any CPU
		{F68315A7-D674-9078-90A4-397607327166}.Release|Any CPU.Build.0 = Release|Any CPU
	EndGlobalSection
	GlobalSection(SolutionProperties) = preSolution
		HideSolutionNode = FALSE
	EndGlobalSection
EndGlobal
