
Microsoft Visual Studio Solution File, Format Version 12.00
# Visual Studio 2017
Project("{FAE04EC0-301F-11D3-BF4B-00C04F79EFBC}") = "NewPhiladelphiaOct12", "NewPhiladelphiaOct12.csproj", "{31096E73-A8A4-864C-3EFA-5CCDD547C5C7}"
EndProject
Project("{FAE04EC0-301F-11D3-BF4B-00C04F79EFBC}") = "NewPhiladelphiaOct12.Editor", "NewPhiladelphiaOct12.Editor.csproj", "{1482CA6E-4493-DF84-C71F-728010B984E6}"
EndProject
Global
	GlobalSection(SolutionConfigurationPlatforms) = preSolution
		Debug|Any CPU = Debug|Any CPU
		Release|Any CPU = Release|Any CPU
	EndGlobalSection
	GlobalSection(ProjectConfigurationPlatforms) = postSolution
		{31096E73-A8A4-864C-3EFA-5CCDD547C5C7}.Debug|Any CPU.ActiveCfg = Debug|Any CPU
		{31096E73-A8A4-864C-3EFA-5CCDD547C5C7}.Debug|Any CPU.Build.0 = Debug|Any CPU
		{31096E73-A8A4-864C-3EFA-5CCDD547C5C7}.Release|Any CPU.ActiveCfg = Release|Any CPU
		{31096E73-A8A4-864C-3EFA-5CCDD547C5C7}.Release|Any CPU.Build.0 = Release|Any CPU
		{1482CA6E-4493-DF84-C71F-728010B984E6}.Debug|Any CPU.ActiveCfg = Debug|Any CPU
		{1482CA6E-4493-DF84-C71F-728010B984E6}.Debug|Any CPU.Build.0 = Debug|Any CPU
		{1482CA6E-4493-DF84-C71F-728010B984E6}.Release|Any CPU.ActiveCfg = Release|Any CPU
		{1482CA6E-4493-DF84-C71F-728010B984E6}.Release|Any CPU.Build.0 = Release|Any CPU
	EndGlobalSection
	GlobalSection(SolutionProperties) = preSolution
		HideSolutionNode = FALSE
	EndGlobalSection
EndGlobal
